
Microsoft Visual Studio Solution File, Format Version 12.00
# Visual Studio 2017
Project("{FAE04EC0-301F-11D3-BF4B-00C04F79EFBC}") = "Block Breaker 4.2C", "Block Breaker 4.2C.csproj", "{6378D58C-AA67-A650-5612-9AD052C3DA8E}"
EndProject
Global
	GlobalSection(SolutionConfigurationPlatforms) = preSolution
		Debug|Any CPU = Debug|Any CPU
		Release|Any CPU = Release|Any CPU
	EndGlobalSection
	GlobalSection(ProjectConfigurationPlatforms) = postSolution
		{6378D58C-AA67-A650-5612-9AD052C3DA8E}.Debug|Any CPU.ActiveCfg = Debug|Any CPU
		{6378D58C-AA67-A650-5612-9AD052C3DA8E}.Debug|Any CPU.Build.0 = Debug|Any CPU
		{6378D58C-AA67-A650-5612-9AD052C3DA8E}.Release|Any CPU.ActiveCfg = Release|Any CPU
		{6378D58C-AA67-A650-5612-9AD052C3DA8E}.Release|Any CPU.Build.0 = Release|Any CPU
	EndGlobalSection
	GlobalSection(SolutionProperties) = preSolution
		HideSolutionNode = FALSE
	EndGlobalSection
EndGlobal
